
Microsoft Visual Studio Solution File, Format Version 12.00
# Visual Studio Version 16
VisualStudioVersion = 16.0.29920.165
MinimumVisualStudioVersion = 10.0.40219.1
Project("{FAE04EC0-301F-11D3-BF4B-00C04F79EFBC}") = "Sistema_Cantina", "Sistema_Cantina\Sistema_Cantina.csproj", "{4C5E36D7-9303-4A50-B120-FB69B092536B}"
EndProject
Global
	GlobalSection(SolutionConfigurationPlatforms) = preSolution
		Debug|Any CPU = Debug|Any CPU
		Release|Any CPU = Release|Any CPU
	EndGlobalSection
	GlobalSection(ProjectConfigurationPlatforms) = postSolution
		{4C5E36D7-9303-4A50-B120-FB69B092536B}.Debug|Any CPU.ActiveCfg = Debug|Any CPU
		{4C5E36D7-9303-4A50-B120-FB69B092536B}.Debug|Any CPU.Build.0 = Debug|Any CPU
		{4C5E36D7-9303-4A50-B120-FB69B092536B}.Release|Any CPU.ActiveCfg = Release|Any CPU
		{4C5E36D7-9303-4A50-B120-FB69B092536B}.Release|Any CPU.Build.0 = Release|Any CPU
	EndGlobalSection
	GlobalSection(SolutionProperties) = preSolution
		HideSolutionNode = FALSE
	EndGlobalSection
	GlobalSection(ExtensibilityGlobals) = postSolution
		SolutionGuid = {0DB99AE4-A4B3-4FA0-AAAD-3C3306A3184F}
	EndGlobalSection
EndGlobal
